{
  "originHash" : "149b34740d7f6924ffbde4d4a57e5d3a3d6d2f3bda0b9da5cdc9cd3ee38e6e11",
  "pins" : [
    {
      "identity" : "naveridlogin-sdk-ios",
      "kind" : "remoteSourceControl",
      "location" : "https://github.com/naver/naveridlogin-sdk-ios",
      "state" : {
        "branch" : "master",
        "revision" : "0d89660344926a625824387a130f7e38e0fad2d7"
      }
    }
  ],
  "version" : 3
}
